
Microsoft Visual Studio Solution File, Format Version 12.00
# Visual Studio 15
Project("{FAE04EC0-301F-11D3-BF4B-00C04F79EFBC}") = "Assembly-CSharp", "Assembly-CSharp.csproj", "{CE697955-5B40-8CAE-2208-F119FA6A94D9}"
EndProject
Global
	GlobalSection(SolutionConfigurationPlatforms) = preSolution
		Debug|Any CPU = Debug|Any CPU
		Release|Any CPU = Release|Any CPU
	EndGlobalSection
	GlobalSection(ProjectConfigurationPlatforms) = postSolution
		{CE697955-5B40-8CAE-2208-F119FA6A94D9}.Debug|Any CPU.ActiveCfg = Debug|Any CPU
		{CE697955-5B40-8CAE-2208-F119FA6A94D9}.Debug|Any CPU.Build.0 = Debug|Any CPU
		{CE697955-5B40-8CAE-2208-F119FA6A94D9}.Release|Any CPU.ActiveCfg = Release|Any CPU
		{CE697955-5B40-8CAE-2208-F119FA6A94D9}.Release|Any CPU.Build.0 = Release|Any CPU
	EndGlobalSection
	GlobalSection(SolutionProperties) = preSolution
		HideSolutionNode = FALSE
	EndGlobalSection
EndGlobal
